
Microsoft Visual Studio Solution File, Format Version 12.00
# Visual Studio Version 17
VisualStudioVersion = 17.0.32112.339
MinimumVisualStudioVersion = 10.0.40219.1
Project("{FAE04EC0-301F-11D3-BF4B-00C04F79EFBC}") = "window frame work 1", "window frame work 1.csproj", "{B58FC7C6-9079-4EFA-8639-5B54D48A54AB}"
EndProject
Global
	GlobalSection(SolutionConfigurationPlatforms) = preSolution
		Debug|Any CPU = Debug|Any CPU
		Release|Any CPU = Release|Any CPU
	EndGlobalSection
	GlobalSection(ProjectConfigurationPlatforms) = postSolution
		{B58FC7C6-9079-4EFA-8639-5B54D48A54AB}.Debug|Any CPU.ActiveCfg = Debug|Any CPU
		{B58FC7C6-9079-4EFA-8639-5B54D48A54AB}.Debug|Any CPU.Build.0 = Debug|Any CPU
		{B58FC7C6-9079-4EFA-8639-5B54D48A54AB}.Release|Any CPU.ActiveCfg = Release|Any CPU
		{B58FC7C6-9079-4EFA-8639-5B54D48A54AB}.Release|Any CPU.Build.0 = Release|Any CPU
	EndGlobalSection
	GlobalSection(SolutionProperties) = preSolution
		HideSolutionNode = FALSE
	EndGlobalSection
	GlobalSection(ExtensibilityGlobals) = postSolution
		SolutionGuid = {29AA81D2-2D1E-404B-B6DB-97B494AD6D1E}
	EndGlobalSection
EndGlobal
